// !$*UTF8*$!
{
	archiveVersion = 1;
	classes = {
	};
	objectVersion = 50;
	objects = {

/* Begin PBXBuildFile section */
		6348A028C1EECF14F973D5D4 /* Pods_A_M_JumpStart.framework in Frameworks */ = {isa = PBXBuildFile; fileRef = 2649965C75F98FBCFED30EC0 /* Pods_A_M_JumpStart.framework */; };
		C60358F320F1289200B2AE3A /* PointofOrginViewController.swift in Sources */ = {isa = PBXBuildFile; fileRef = C60358F220F1289200B2AE3A /* PointofOrginViewController.swift */; };
		C60B195720EC25D800FE5E67 /* Main.storyboard in Resources */ = {isa = PBXBuildFile; fileRef = C60B195620EC25D800FE5E67 /* Main.storyboard */; };
		C61688B820BF65BE00387647 /* SystemAlarmComponent.swift in Sources */ = {isa = PBXBuildFile; fileRef = C61688B720BF65BE00387647 /* SystemAlarmComponent.swift */; };
		C61688BD20BF85D100387647 /* DayOfWeekCell.swift in Sources */ = {isa = PBXBuildFile; fileRef = C61688BB20BF85D100387647 /* DayOfWeekCell.swift */; };
		C61688BE20BF85D100387647 /* DayOfWeekCell.xib in Resources */ = {isa = PBXBuildFile; fileRef = C61688BC20BF85D100387647 /* DayOfWeekCell.xib */; };
		C61688C020BF871F00387647 /* OldFashionViewController.swift in Sources */ = {isa = PBXBuildFile; fileRef = C61688BF20BF871F00387647 /* OldFashionViewController.swift */; };
		C61688C220BF87DE00387647 /* DaysofWeek.swift in Sources */ = {isa = PBXBuildFile; fileRef = C61688C120BF87DE00387647 /* DaysofWeek.swift */; };
		C619559120BCDA25004676E9 /* analog-watch-alarm_daniel-simion.wav in Resources */ = {isa = PBXBuildFile; fileRef = C619559020BCDA25004676E9 /* analog-watch-alarm_daniel-simion.wav */; };
		C619559420BE3019004676E9 /* AlarmCell.swift in Sources */ = {isa = PBXBuildFile; fileRef = C619559220BE3019004676E9 /* AlarmCell.swift */; };
		C619559520BE3019004676E9 /* AlarmCell.xib in Resources */ = {isa = PBXBuildFile; fileRef = C619559320BE3019004676E9 /* AlarmCell.xib */; };
		C632699620FE815C0076777B /* SmartAlarm.swift in Sources */ = {isa = PBXBuildFile; fileRef = C632699520FE815C0076777B /* SmartAlarm.swift */; };
		C632699820FE82550076777B /* TravelTask.swift in Sources */ = {isa = PBXBuildFile; fileRef = C632699720FE82550076777B /* TravelTask.swift */; };
		C6389E1B20D5991A0068AFB7 /* SmartAlarmIntro.swift in Sources */ = {isa = PBXBuildFile; fileRef = C6389E1A20D5991A0068AFB7 /* SmartAlarmIntro.swift */; };
		C6389E1D20D5A3240068AFB7 /* US-States.swift in Sources */ = {isa = PBXBuildFile; fileRef = C6389E1C20D5A3240068AFB7 /* US-States.swift */; };
		C6389E4220D72C0F0068AFB7 /* DayOfWeek.swift in Sources */ = {isa = PBXBuildFile; fileRef = C6389E4120D72C0F0068AFB7 /* DayOfWeek.swift */; };
		C64FADEF20DC4E000057C8DE /* PostAlarmActivityViewController.swift in Sources */ = {isa = PBXBuildFile; fileRef = C64FADEE20DC4E000057C8DE /* PostAlarmActivityViewController.swift */; };
		C64FADF220DC4E550057C8DE /* PostAlarmActivityCell.swift in Sources */ = {isa = PBXBuildFile; fileRef = C64FADF020DC4E550057C8DE /* PostAlarmActivityCell.swift */; };
		C64FADF320DC4E550057C8DE /* PostAlarmActivityCell.xib in Resources */ = {isa = PBXBuildFile; fileRef = C64FADF120DC4E550057C8DE /* PostAlarmActivityCell.xib */; };
		C64FADF520DC4F5B0057C8DE /* ActivityList.swift in Sources */ = {isa = PBXBuildFile; fileRef = C64FADF420DC4F5B0057C8DE /* ActivityList.swift */; };
		C64FADFA20DECE2A0057C8DE /* ActivityDurationCell.swift in Sources */ = {isa = PBXBuildFile; fileRef = C64FADF820DECE2A0057C8DE /* ActivityDurationCell.swift */; };
		C64FADFD20DECFD40057C8DE /* ActivityDurationViewController.swift in Sources */ = {isa = PBXBuildFile; fileRef = C64FADFC20DECFD40057C8DE /* ActivityDurationViewController.swift */; };
		C67B9BE920BCBD2600E7F0D0 /* AppDelegate.swift in Sources */ = {isa = PBXBuildFile; fileRef = C67B9BE820BCBD2600E7F0D0 /* AppDelegate.swift */; };
		C67B9BEB20BCBD2600E7F0D0 /* HomeViewController.swift in Sources */ = {isa = PBXBuildFile; fileRef = C67B9BEA20BCBD2600E7F0D0 /* HomeViewController.swift */; };
		C67B9BF020BCBD2900E7F0D0 /* Assets.xcassets in Resources */ = {isa = PBXBuildFile; fileRef = C67B9BEF20BCBD2900E7F0D0 /* Assets.xcassets */; };
		C67B9BF320BCBD2900E7F0D0 /* LaunchScreen.storyboard in Resources */ = {isa = PBXBuildFile; fileRef = C67B9BF120BCBD2900E7F0D0 /* LaunchScreen.storyboard */; };
		C6B4E1C920FF7F2500C467B6 /* Destination.swift in Sources */ = {isa = PBXBuildFile; fileRef = C6B4E1C820FF7F2500C467B6 /* Destination.swift */; };
		C6B4E1CB2102A63200C467B6 /* ClassicAlarmCreatedDelegate.swift in Sources */ = {isa = PBXBuildFile; fileRef = C6B4E1CA2102A63200C467B6 /* ClassicAlarmCreatedDelegate.swift */; };
		C6B4E1CF2102BAC900C467B6 /* AlarmDetailView.swift in Sources */ = {isa = PBXBuildFile; fileRef = C6B4E1CE2102BAC900C467B6 /* AlarmDetailView.swift */; };
		C6B4E1D12102BFA200C467B6 /* AlarmDetailViewController.swift in Sources */ = {isa = PBXBuildFile; fileRef = C6B4E1D02102BFA200C467B6 /* AlarmDetailViewController.swift */; };
		C6B4E1D3210376AD00C467B6 /* TripInfoView.swift in Sources */ = {isa = PBXBuildFile; fileRef = C6B4E1D2210376AD00C467B6 /* TripInfoView.swift */; };
		C6CD3F3520E4694800AC61ED /* Foldable.xib in Resources */ = {isa = PBXBuildFile; fileRef = C6CD3F3320E4694800AC61ED /* Foldable.xib */; };
		C6CD3F3720EAFE7200AC61ED /* CustomView.swift in Sources */ = {isa = PBXBuildFile; fileRef = C6CD3F3620EAFE7200AC61ED /* CustomView.swift */; };
		C6DAE83621067B0D00CB5821 /* BasicAlarm.swift in Sources */ = {isa = PBXBuildFile; fileRef = C6DAE83521067B0D00CB5821 /* BasicAlarm.swift */; };
		C6DAE83A2106A7B900CB5821 /* AlarmsSectionModel.swift in Sources */ = {isa = PBXBuildFile; fileRef = C6DAE8392106A7B900CB5821 /* AlarmsSectionModel.swift */; };
/* End PBXBuildFile section */

/* Begin PBXFileReference section */
		1E2D3FBB7EF989AE3C794B52 /* Pods-A.M JumpStart.debug.xcconfig */ = {isa = PBXFileReference; includeInIndex = 1; lastKnownFileType = text.xcconfig; name = "Pods-A.M JumpStart.debug.xcconfig"; path = "Pods/Target Support Files/Pods-A.M JumpStart/Pods-A.M JumpStart.debug.xcconfig"; sourceTree = "<group>"; };
		2649965C75F98FBCFED30EC0 /* Pods_A_M_JumpStart.framework */ = {isa = PBXFileReference; explicitFileType = wrapper.framework; includeInIndex = 0; path = Pods_A_M_JumpStart.framework; sourceTree = BUILT_PRODUCTS_DIR; };
		34A6C990339FE857D0C14B06 /* Pods_AlarmTest.framework */ = {isa = PBXFileReference; explicitFileType = wrapper.framework; includeInIndex = 0; path = Pods_AlarmTest.framework; sourceTree = BUILT_PRODUCTS_DIR; };
		5CC14772191D85B670519D89 /* Pods-A.M JumpStart.release.xcconfig */ = {isa = PBXFileReference; includeInIndex = 1; lastKnownFileType = text.xcconfig; name = "Pods-A.M JumpStart.release.xcconfig"; path = "Pods/Target Support Files/Pods-A.M JumpStart/Pods-A.M JumpStart.release.xcconfig"; sourceTree = "<group>"; };
		C60358F220F1289200B2AE3A /* PointofOrginViewController.swift */ = {isa = PBXFileReference; lastKnownFileType = sourcecode.swift; path = PointofOrginViewController.swift; sourceTree = "<group>"; };
		C60B195620EC25D800FE5E67 /* Main.storyboard */ = {isa = PBXFileReference; lastKnownFileType = file.storyboard; path = Main.storyboard; sourceTree = "<group>"; };
		C61688B720BF65BE00387647 /* SystemAlarmComponent.swift */ = {isa = PBXFileReference; lastKnownFileType = sourcecode.swift; path = SystemAlarmComponent.swift; sourceTree = "<group>"; };
		C61688BB20BF85D100387647 /* DayOfWeekCell.swift */ = {isa = PBXFileReference; lastKnownFileType = sourcecode.swift; path = DayOfWeekCell.swift; sourceTree = "<group>"; };
		C61688BC20BF85D100387647 /* DayOfWeekCell.xib */ = {isa = PBXFileReference; lastKnownFileType = file.xib; path = DayOfWeekCell.xib; sourceTree = "<group>"; };
		C61688BF20BF871F00387647 /* OldFashionViewController.swift */ = {isa = PBXFileReference; lastKnownFileType = sourcecode.swift; path = OldFashionViewController.swift; sourceTree = "<group>"; };
		C61688C120BF87DE00387647 /* DaysofWeek.swift */ = {isa = PBXFileReference; lastKnownFileType = sourcecode.swift; path = DaysofWeek.swift; sourceTree = "<group>"; };
		C619559020BCDA25004676E9 /* analog-watch-alarm_daniel-simion.wav */ = {isa = PBXFileReference; lastKnownFileType = audio.wav; path = "analog-watch-alarm_daniel-simion.wav"; sourceTree = "<group>"; };
		C619559220BE3019004676E9 /* AlarmCell.swift */ = {isa = PBXFileReference; lastKnownFileType = sourcecode.swift; path = AlarmCell.swift; sourceTree = "<group>"; };
		C619559320BE3019004676E9 /* AlarmCell.xib */ = {isa = PBXFileReference; lastKnownFileType = file.xib; path = AlarmCell.xib; sourceTree = "<group>"; };
		C632699520FE815C0076777B /* SmartAlarm.swift */ = {isa = PBXFileReference; lastKnownFileType = sourcecode.swift; path = SmartAlarm.swift; sourceTree = "<group>"; };
		C632699720FE82550076777B /* TravelTask.swift */ = {isa = PBXFileReference; lastKnownFileType = sourcecode.swift; path = TravelTask.swift; sourceTree = "<group>"; };
		C6389E1A20D5991A0068AFB7 /* SmartAlarmIntro.swift */ = {isa = PBXFileReference; lastKnownFileType = sourcecode.swift; path = SmartAlarmIntro.swift; sourceTree = "<group>"; };
		C6389E1C20D5A3240068AFB7 /* US-States.swift */ = {isa = PBXFileReference; lastKnownFileType = sourcecode.swift; path = "US-States.swift"; sourceTree = "<group>"; };
		C6389E4120D72C0F0068AFB7 /* DayOfWeek.swift */ = {isa = PBXFileReference; lastKnownFileType = sourcecode.swift; path = DayOfWeek.swift; sourceTree = "<group>"; };
		C64FADEE20DC4E000057C8DE /* PostAlarmActivityViewController.swift */ = {isa = PBXFileReference; lastKnownFileType = sourcecode.swift; path = PostAlarmActivityViewController.swift; sourceTree = "<group>"; };
		C64FADF020DC4E550057C8DE /* PostAlarmActivityCell.swift */ = {isa = PBXFileReference; lastKnownFileType = sourcecode.swift; path = PostAlarmActivityCell.swift; sourceTree = "<group>"; };
		C64FADF120DC4E550057C8DE /* PostAlarmActivityCell.xib */ = {isa = PBXFileReference; lastKnownFileType = file.xib; path = PostAlarmActivityCell.xib; sourceTree = "<group>"; };
		C64FADF420DC4F5B0057C8DE /* ActivityList.swift */ = {isa = PBXFileReference; lastKnownFileType = sourcecode.swift; path = ActivityList.swift; sourceTree = "<group>"; };
		C64FADF820DECE2A0057C8DE /* ActivityDurationCell.swift */ = {isa = PBXFileReference; lastKnownFileType = sourcecode.swift; path = ActivityDurationCell.swift; sourceTree = "<group>"; };
		C64FADFC20DECFD40057C8DE /* ActivityDurationViewController.swift */ = {isa = PBXFileReference; lastKnownFileType = sourcecode.swift; path = ActivityDurationViewController.swift; sourceTree = "<group>"; };
		C67B9BE520BCBD2600E7F0D0 /* A.M JumpStart.app */ = {isa = PBXFileReference; explicitFileType = wrapper.application; includeInIndex = 0; path = "A.M JumpStart.app"; sourceTree = BUILT_PRODUCTS_DIR; };
		C67B9BE820BCBD2600E7F0D0 /* AppDelegate.swift */ = {isa = PBXFileReference; lastKnownFileType = sourcecode.swift; path = AppDelegate.swift; sourceTree = "<group>"; };
		C67B9BEA20BCBD2600E7F0D0 /* HomeViewController.swift */ = {isa = PBXFileReference; lastKnownFileType = sourcecode.swift; path = HomeViewController.swift; sourceTree = "<group>"; };
		C67B9BEF20BCBD2900E7F0D0 /* Assets.xcassets */ = {isa = PBXFileReference; lastKnownFileType = folder.assetcatalog; path = Assets.xcassets; sourceTree = "<group>"; };
		C67B9BF220BCBD2900E7F0D0 /* Base */ = {isa = PBXFileReference; lastKnownFileType = file.storyboard; name = Base; path = Base.lproj/LaunchScreen.storyboard; sourceTree = "<group>"; };
		C67B9BF420BCBD2900E7F0D0 /* Info.plist */ = {isa = PBXFileReference; lastKnownFileType = text.plist.xml; path = Info.plist; sourceTree = "<group>"; };
		C6B4E1C820FF7F2500C467B6 /* Destination.swift */ = {isa = PBXFileReference; lastKnownFileType = sourcecode.swift; path = Destination.swift; sourceTree = "<group>"; };
		C6B4E1CA2102A63200C467B6 /* ClassicAlarmCreatedDelegate.swift */ = {isa = PBXFileReference; lastKnownFileType = sourcecode.swift; path = ClassicAlarmCreatedDelegate.swift; sourceTree = "<group>"; };
		C6B4E1CE2102BAC900C467B6 /* AlarmDetailView.swift */ = {isa = PBXFileReference; lastKnownFileType = sourcecode.swift; path = AlarmDetailView.swift; sourceTree = "<group>"; };
		C6B4E1D02102BFA200C467B6 /* AlarmDetailViewController.swift */ = {isa = PBXFileReference; lastKnownFileType = sourcecode.swift; path = AlarmDetailViewController.swift; sourceTree = "<group>"; };
		C6B4E1D2210376AD00C467B6 /* TripInfoView.swift */ = {isa = PBXFileReference; lastKnownFileType = sourcecode.swift; path = TripInfoView.swift; sourceTree = "<group>"; };
		C6CD3F3320E4694800AC61ED /* Foldable.xib */ = {isa = PBXFileReference; lastKnownFileType = file.xib; path = Foldable.xib; sourceTree = "<group>"; };
		C6CD3F3620EAFE7200AC61ED /* CustomView.swift */ = {isa = PBXFileReference; lastKnownFileType = sourcecode.swift; path = CustomView.swift; sourceTree = "<group>"; };
		C6DAE83521067B0D00CB5821 /* BasicAlarm.swift */ = {isa = PBXFileReference; lastKnownFileType = sourcecode.swift; path = BasicAlarm.swift; sourceTree = "<group>"; };
		C6DAE8392106A7B900CB5821 /* AlarmsSectionModel.swift */ = {isa = PBXFileReference; fileEncoding = 4; lastKnownFileType = sourcecode.swift; path = AlarmsSectionModel.swift; sourceTree = "<group>"; };
/* End PBXFileReference section */

/* Begin PBXFrameworksBuildPhase section */
		C67B9BE220BCBD2600E7F0D0 /* Frameworks */ = {
			isa = PBXFrameworksBuildPhase;
			buildActionMask = 2147483647;
			files = (
				6348A028C1EECF14F973D5D4 /* Pods_A_M_JumpStart.framework in Frameworks */,
			);
			runOnlyForDeploymentPostprocessing = 0;
		};
/* End PBXFrameworksBuildPhase section */

/* Begin PBXGroup section */
		90AC57459CE55D560490B756 /* Frameworks */ = {
			isa = PBXGroup;
			children = (
				34A6C990339FE857D0C14B06 /* Pods_AlarmTest.framework */,
				2649965C75F98FBCFED30EC0 /* Pods_A_M_JumpStart.framework */,
			);
			name = Frameworks;
			sourceTree = "<group>";
		};
		C61688B420BF656F00387647 /* Controller */ = {
			isa = PBXGroup;
			children = (
				C632699920FE83110076777B /* Cells */,
				C67B9BE820BCBD2600E7F0D0 /* AppDelegate.swift */,
				C67B9BEA20BCBD2600E7F0D0 /* HomeViewController.swift */,
				C61688BF20BF871F00387647 /* OldFashionViewController.swift */,
				C6389E1A20D5991A0068AFB7 /* SmartAlarmIntro.swift */,
				C60358F220F1289200B2AE3A /* PointofOrginViewController.swift */,
				C64FADEE20DC4E000057C8DE /* PostAlarmActivityViewController.swift */,
				C64FADFC20DECFD40057C8DE /* ActivityDurationViewController.swift */,
				C6B4E1D02102BFA200C467B6 /* AlarmDetailViewController.swift */,
			);
			path = Controller;
			sourceTree = "<group>";
		};
		C61688B520BF657800387647 /* View */ = {
			isa = PBXGroup;
			children = (
				C64FADFE20DED6440057C8DE /* Cells */,
				C67B9BF120BCBD2900E7F0D0 /* LaunchScreen.storyboard */,
				C60B195620EC25D800FE5E67 /* Main.storyboard */,
				C6B4E1CE2102BAC900C467B6 /* AlarmDetailView.swift */,
				C6B4E1D2210376AD00C467B6 /* TripInfoView.swift */,
			);
			path = View;
			sourceTree = "<group>";
		};
		C61688B620BF657E00387647 /* Model */ = {
			isa = PBXGroup;
			children = (
				C61688B720BF65BE00387647 /* SystemAlarmComponent.swift */,
				C619559220BE3019004676E9 /* AlarmCell.swift */,
				C61688BB20BF85D100387647 /* DayOfWeekCell.swift */,
				C6389E4120D72C0F0068AFB7 /* DayOfWeek.swift */,
				C632699520FE815C0076777B /* SmartAlarm.swift */,
				C632699720FE82550076777B /* TravelTask.swift */,
				C6B4E1C820FF7F2500C467B6 /* Destination.swift */,
				C6DAE83521067B0D00CB5821 /* BasicAlarm.swift */,
				C6DAE8392106A7B900CB5821 /* AlarmsSectionModel.swift */,
			);
			path = Model;
			sourceTree = "<group>";
		};
		C619558F20BCDA13004676E9 /* Sound Files */ = {
			isa = PBXGroup;
			children = (
				C619559020BCDA25004676E9 /* analog-watch-alarm_daniel-simion.wav */,
			);
			path = "Sound Files";
			sourceTree = "<group>";
		};
		C632699920FE83110076777B /* Cells */ = {
			isa = PBXGroup;
			children = (
				C64FADF820DECE2A0057C8DE /* ActivityDurationCell.swift */,
				C64FADF020DC4E550057C8DE /* PostAlarmActivityCell.swift */,
			);
			path = Cells;
			sourceTree = "<group>";
		};
		C6389E1E20D5AC250068AFB7 /* Supporting Files */ = {
			isa = PBXGroup;
			children = (
				C67B9BF420BCBD2900E7F0D0 /* Info.plist */,
				C6389E1C20D5A3240068AFB7 /* US-States.swift */,
				C61688C120BF87DE00387647 /* DaysofWeek.swift */,
				C64FADF420DC4F5B0057C8DE /* ActivityList.swift */,
				C6CD3F3620EAFE7200AC61ED /* CustomView.swift */,
				C6B4E1CA2102A63200C467B6 /* ClassicAlarmCreatedDelegate.swift */,
			);
			path = "Supporting Files";
			sourceTree = "<group>";
		};
		C64FADFE20DED6440057C8DE /* Cells */ = {
			isa = PBXGroup;
			children = (
				C619559320BE3019004676E9 /* AlarmCell.xib */,
				C64FADF120DC4E550057C8DE /* PostAlarmActivityCell.xib */,
				C61688BC20BF85D100387647 /* DayOfWeekCell.xib */,
				C6CD3F3320E4694800AC61ED /* Foldable.xib */,
			);
			path = Cells;
			sourceTree = "<group>";
		};
		C67B9BDC20BCBD2600E7F0D0 = {
			isa = PBXGroup;
			children = (
				C67B9BE720BCBD2600E7F0D0 /* A.M JumpStart */,
				C67B9BE620BCBD2600E7F0D0 /* Products */,
				E7B09FE0378E197367D8CEA1 /* Pods */,
				90AC57459CE55D560490B756 /* Frameworks */,
			);
			sourceTree = "<group>";
		};
		C67B9BE620BCBD2600E7F0D0 /* Products */ = {
			isa = PBXGroup;
			children = (
				C67B9BE520BCBD2600E7F0D0 /* A.M JumpStart.app */,
			);
			name = Products;
			sourceTree = "<group>";
		};
		C67B9BE720BCBD2600E7F0D0 /* A.M JumpStart */ = {
			isa = PBXGroup;
			children = (
				C6389E1E20D5AC250068AFB7 /* Supporting Files */,
				C67B9BEF20BCBD2900E7F0D0 /* Assets.xcassets */,
				C61688B620BF657E00387647 /* Model */,
				C61688B520BF657800387647 /* View */,
				C61688B420BF656F00387647 /* Controller */,
				C619558F20BCDA13004676E9 /* Sound Files */,
			);
			path = "A.M JumpStart";
			sourceTree = "<group>";
		};
		E7B09FE0378E197367D8CEA1 /* Pods */ = {
			isa = PBXGroup;
			children = (
				1E2D3FBB7EF989AE3C794B52 /* Pods-A.M JumpStart.debug.xcconfig */,
				5CC14772191D85B670519D89 /* Pods-A.M JumpStart.release.xcconfig */,
			);
			name = Pods;
			sourceTree = "<group>";
		};
/* End PBXGroup section */

/* Begin PBXNativeTarget section */
		C67B9BE420BCBD2600E7F0D0 /* A.M JumpStart */ = {
			isa = PBXNativeTarget;
			buildConfigurationList = C67B9BF720BCBD2900E7F0D0 /* Build configuration list for PBXNativeTarget "A.M JumpStart" */;
			buildPhases = (
				639E18DDCB5D20018488DC34 /* [CP] Check Pods Manifest.lock */,
				C67B9BE120BCBD2600E7F0D0 /* Sources */,
				C67B9BE220BCBD2600E7F0D0 /* Frameworks */,
				C67B9BE320BCBD2600E7F0D0 /* Resources */,
				B7147E072765564E9EB9BBD8 /* [CP] Embed Pods Frameworks */,
			);
			buildRules = (
			);
			dependencies = (
			);
			name = "A.M JumpStart";
			productName = AlarmTest;
			productReference = C67B9BE520BCBD2600E7F0D0 /* A.M JumpStart.app */;
			productType = "com.apple.product-type.application";
		};
/* End PBXNativeTarget section */

/* Begin PBXProject section */
		C67B9BDD20BCBD2600E7F0D0 /* Project object */ = {
			isa = PBXProject;
			attributes = {
				LastSwiftUpdateCheck = 0930;
				LastUpgradeCheck = 0930;
				ORGANIZATIONNAME = "Xavier Davis";
				TargetAttributes = {
					C67B9BE420BCBD2600E7F0D0 = {
						CreatedOnToolsVersion = 9.3.1;
						SystemCapabilities = {
							com.apple.BackgroundModes = {
								enabled = 0;
							};
						};
					};
				};
			};
			buildConfigurationList = C67B9BE020BCBD2600E7F0D0 /* Build configuration list for PBXProject "A.M JumpStart" */;
			compatibilityVersion = "Xcode 9.3";
			developmentRegion = en;
			hasScannedForEncodings = 0;
			knownRegions = (
				en,
				Base,
			);
			mainGroup = C67B9BDC20BCBD2600E7F0D0;
			productRefGroup = C67B9BE620BCBD2600E7F0D0 /* Products */;
			projectDirPath = "";
			projectRoot = "";
			targets = (
				C67B9BE420BCBD2600E7F0D0 /* A.M JumpStart */,
			);
		};
/* End PBXProject section */

/* Begin PBXResourcesBuildPhase section */
		C67B9BE320BCBD2600E7F0D0 /* Resources */ = {
			isa = PBXResourcesBuildPhase;
			buildActionMask = 2147483647;
			files = (
				C619559120BCDA25004676E9 /* analog-watch-alarm_daniel-simion.wav in Resources */,
				C619559520BE3019004676E9 /* AlarmCell.xib in Resources */,
				C67B9BF320BCBD2900E7F0D0 /* LaunchScreen.storyboard in Resources */,
				C60B195720EC25D800FE5E67 /* Main.storyboard in Resources */,
				C61688BE20BF85D100387647 /* DayOfWeekCell.xib in Resources */,
				C6CD3F3520E4694800AC61ED /* Foldable.xib in Resources */,
				C64FADF320DC4E550057C8DE /* PostAlarmActivityCell.xib in Resources */,
				C67B9BF020BCBD2900E7F0D0 /* Assets.xcassets in Resources */,
			);
			runOnlyForDeploymentPostprocessing = 0;
		};
/* End PBXResourcesBuildPhase section */

/* Begin PBXShellScriptBuildPhase section */
		639E18DDCB5D20018488DC34 /* [CP] Check Pods Manifest.lock */ = {
			isa = PBXShellScriptBuildPhase;
			buildActionMask = 2147483647;
			files = (
			);
			inputPaths = (
				"${PODS_PODFILE_DIR_PATH}/Podfile.lock",
				"${PODS_ROOT}/Manifest.lock",
			);
			name = "[CP] Check Pods Manifest.lock";
			outputPaths = (
				"$(DERIVED_FILE_DIR)/Pods-A.M JumpStart-checkManifestLockResult.txt",
			);
			runOnlyForDeploymentPostprocessing = 0;
			shellPath = /bin/sh;
			shellScript = "diff \"${PODS_PODFILE_DIR_PATH}/Podfile.lock\" \"${PODS_ROOT}/Manifest.lock\" > /dev/null\nif [ $? != 0 ] ; then\n    # print error to STDERR\n    echo \"error: The sandbox is not in sync with the Podfile.lock. Run 'pod install' or update your CocoaPods installation.\" >&2\n    exit 1\nfi\n# This output is used by Xcode 'outputs' to avoid re-running this script phase.\necho \"SUCCESS\" > \"${SCRIPT_OUTPUT_FILE_0}\"\n";
			showEnvVarsInLog = 0;
		};
		B7147E072765564E9EB9BBD8 /* [CP] Embed Pods Frameworks */ = {
			isa = PBXShellScriptBuildPhase;
			buildActionMask = 2147483647;
			files = (
			);
			inputPaths = (
				"${SRCROOT}/Pods/Target Support Files/Pods-A.M JumpStart/Pods-A.M JumpStart-frameworks.sh",
				"${BUILT_PRODUCTS_DIR}/Alamofire/Alamofire.framework",
				"${BUILT_PRODUCTS_DIR}/ChameleonFramework/ChameleonFramework.framework",
				"${BUILT_PRODUCTS_DIR}/DynamicBlurView/DynamicBlurView.framework",
				"${BUILT_PRODUCTS_DIR}/FoldingCell/FoldingCell.framework",
				"${BUILT_PRODUCTS_DIR}/GMStepper/GMStepper.framework",
				"${BUILT_PRODUCTS_DIR}/PopupDialog/PopupDialog.framework",
				"${BUILT_PRODUCTS_DIR}/Realm/Realm.framework",
				"${BUILT_PRODUCTS_DIR}/RealmSwift/RealmSwift.framework",
				"${BUILT_PRODUCTS_DIR}/RxCocoa/RxCocoa.framework",
				"${BUILT_PRODUCTS_DIR}/RxGesture/RxGesture.framework",
				"${BUILT_PRODUCTS_DIR}/RxRealm/RxRealm.framework",
				"${BUILT_PRODUCTS_DIR}/RxRealmDataSources/RxRealmDataSources.framework",
				"${BUILT_PRODUCTS_DIR}/RxSwift/RxSwift.framework",
				"${BUILT_PRODUCTS_DIR}/SCLAlertView/SCLAlertView.framework",
				"${BUILT_PRODUCTS_DIR}/SnapKit/SnapKit.framework",
				"${BUILT_PRODUCTS_DIR}/SwiftyJSON/SwiftyJSON.framework",
				"${BUILT_PRODUCTS_DIR}/SwipeCellKit/SwipeCellKit.framework",
				"${BUILT_PRODUCTS_DIR}/TextFieldEffects/TextFieldEffects.framework",
				"${BUILT_PRODUCTS_DIR}/TimeIntervals/TimeIntervals.framework",
			);
			name = "[CP] Embed Pods Frameworks";
			outputPaths = (
				"${TARGET_BUILD_DIR}/${FRAMEWORKS_FOLDER_PATH}/Alamofire.framework",
				"${TARGET_BUILD_DIR}/${FRAMEWORKS_FOLDER_PATH}/ChameleonFramework.framework",
				"${TARGET_BUILD_DIR}/${FRAMEWORKS_FOLDER_PATH}/DynamicBlurView.framework",
				"${TARGET_BUILD_DIR}/${FRAMEWORKS_FOLDER_PATH}/FoldingCell.framework",
				"${TARGET_BUILD_DIR}/${FRAMEWORKS_FOLDER_PATH}/GMStepper.framework",
				"${TARGET_BUILD_DIR}/${FRAMEWORKS_FOLDER_PATH}/PopupDialog.framework",
				"${TARGET_BUILD_DIR}/${FRAMEWORKS_FOLDER_PATH}/Realm.framework",
				"${TARGET_BUILD_DIR}/${FRAMEWORKS_FOLDER_PATH}/RealmSwift.framework",
				"${TARGET_BUILD_DIR}/${FRAMEWORKS_FOLDER_PATH}/RxCocoa.framework",
				"${TARGET_BUILD_DIR}/${FRAMEWORKS_FOLDER_PATH}/RxGesture.framework",
				"${TARGET_BUILD_DIR}/${FRAMEWORKS_FOLDER_PATH}/RxRealm.framework",
				"${TARGET_BUILD_DIR}/${FRAMEWORKS_FOLDER_PATH}/RxRealmDataSources.framework",
				"${TARGET_BUILD_DIR}/${FRAMEWORKS_FOLDER_PATH}/RxSwift.framework",
				"${TARGET_BUILD_DIR}/${FRAMEWORKS_FOLDER_PATH}/SCLAlertView.framework",
				"${TARGET_BUILD_DIR}/${FRAMEWORKS_FOLDER_PATH}/SnapKit.framework",
				"${TARGET_BUILD_DIR}/${FRAMEWORKS_FOLDER_PATH}/SwiftyJSON.framework",
				"${TARGET_BUILD_DIR}/${FRAMEWORKS_FOLDER_PATH}/SwipeCellKit.framework",
				"${TARGET_BUILD_DIR}/${FRAMEWORKS_FOLDER_PATH}/TextFieldEffects.framework",
				"${TARGET_BUILD_DIR}/${FRAMEWORKS_FOLDER_PATH}/TimeIntervals.framework",
			);
			runOnlyForDeploymentPostprocessing = 0;
			shellPath = /bin/sh;
			shellScript = "\"${SRCROOT}/Pods/Target Support Files/Pods-A.M JumpStart/Pods-A.M JumpStart-frameworks.sh\"\n";
			showEnvVarsInLog = 0;
		};
/* End PBXShellScriptBuildPhase section */

/* Begin PBXSourcesBuildPhase section */
		C67B9BE120BCBD2600E7F0D0 /* Sources */ = {
			isa = PBXSourcesBuildPhase;
			buildActionMask = 2147483647;
			files = (
				C61688C020BF871F00387647 /* OldFashionViewController.swift in Sources */,
				C6B4E1CF2102BAC900C467B6 /* AlarmDetailView.swift in Sources */,
				C64FADFD20DECFD40057C8DE /* ActivityDurationViewController.swift in Sources */,
				C64FADF220DC4E550057C8DE /* PostAlarmActivityCell.swift in Sources */,
				C6DAE83621067B0D00CB5821 /* BasicAlarm.swift in Sources */,
				C6389E1D20D5A3240068AFB7 /* US-States.swift in Sources */,
				C619559420BE3019004676E9 /* AlarmCell.swift in Sources */,
				C61688BD20BF85D100387647 /* DayOfWeekCell.swift in Sources */,
				C6B4E1D3210376AD00C467B6 /* TripInfoView.swift in Sources */,
				C6DAE83A2106A7B900CB5821 /* AlarmsSectionModel.swift in Sources */,
				C67B9BEB20BCBD2600E7F0D0 /* HomeViewController.swift in Sources */,
				C67B9BE920BCBD2600E7F0D0 /* AppDelegate.swift in Sources */,
				C61688C220BF87DE00387647 /* DaysofWeek.swift in Sources */,
				C6B4E1CB2102A63200C467B6 /* ClassicAlarmCreatedDelegate.swift in Sources */,
				C6CD3F3720EAFE7200AC61ED /* CustomView.swift in Sources */,
				C64FADFA20DECE2A0057C8DE /* ActivityDurationCell.swift in Sources */,
				C632699820FE82550076777B /* TravelTask.swift in Sources */,
				C64FADF520DC4F5B0057C8DE /* ActivityList.swift in Sources */,
				C64FADEF20DC4E000057C8DE /* PostAlarmActivityViewController.swift in Sources */,
				C6B4E1D12102BFA200C467B6 /* AlarmDetailViewController.swift in Sources */,
				C6389E4220D72C0F0068AFB7 /* DayOfWeek.swift in Sources */,
				C6B4E1C920FF7F2500C467B6 /* Destination.swift in Sources */,
				C632699620FE815C0076777B /* SmartAlarm.swift in Sources */,
				C6389E1B20D5991A0068AFB7 /* SmartAlarmIntro.swift in Sources */,
				C60358F320F1289200B2AE3A /* PointofOrginViewController.swift in Sources */,
				C61688B820BF65BE00387647 /* SystemAlarmComponent.swift in Sources */,
			);
			runOnlyForDeploymentPostprocessing = 0;
		};
/* End PBXSourcesBuildPhase section */

/* Begin PBXVariantGroup section */
		C67B9BF120BCBD2900E7F0D0 /* LaunchScreen.storyboard */ = {
			isa = PBXVariantGroup;
			children = (
				C67B9BF220BCBD2900E7F0D0 /* Base */,
			);
			name = LaunchScreen.storyboard;
			sourceTree = "<group>";
		};
/* End PBXVariantGroup section */

/* Begin XCBuildConfiguration section */
		C67B9BF520BCBD2900E7F0D0 /* Debug */ = {
			isa = XCBuildConfiguration;
			buildSettings = {
				ALWAYS_SEARCH_USER_PATHS = NO;
				CLANG_ANALYZER_NONNULL = YES;
				CLANG_ANALYZER_NUMBER_OBJECT_CONVERSION = YES_AGGRESSIVE;
				CLANG_CXX_LANGUAGE_STANDARD = "gnu++14";
				CLANG_CXX_LIBRARY = "libc++";
				CLANG_ENABLE_MODULES = YES;
				CLANG_ENABLE_OBJC_ARC = YES;
				CLANG_ENABLE_OBJC_WEAK = YES;
				CLANG_WARN_BLOCK_CAPTURE_AUTORELEASING = YES;
				CLANG_WARN_BOOL_CONVERSION = YES;
				CLANG_WARN_COMMA = YES;
				CLANG_WARN_CONSTANT_CONVERSION = YES;
				CLANG_WARN_DEPRECATED_OBJC_IMPLEMENTATIONS = YES;
				CLANG_WARN_DIRECT_OBJC_ISA_USAGE = YES_ERROR;
				CLANG_WARN_DOCUMENTATION_COMMENTS = YES;
				CLANG_WARN_EMPTY_BODY = YES;
				CLANG_WARN_ENUM_CONVERSION = YES;
				CLANG_WARN_INFINITE_RECURSION = YES;
				CLANG_WARN_INT_CONVERSION = YES;
				CLANG_WARN_NON_LITERAL_NULL_CONVERSION = YES;
				CLANG_WARN_OBJC_IMPLICIT_RETAIN_SELF = YES;
				CLANG_WARN_OBJC_LITERAL_CONVERSION = YES;
				CLANG_WARN_OBJC_ROOT_CLASS = YES_ERROR;
				CLANG_WARN_RANGE_LOOP_ANALYSIS = YES;
				CLANG_WARN_STRICT_PROTOTYPES = YES;
				CLANG_WARN_SUSPICIOUS_MOVE = YES;
				CLANG_WARN_UNGUARDED_AVAILABILITY = YES_AGGRESSIVE;
				CLANG_WARN_UNREACHABLE_CODE = YES;
				CLANG_WARN__DUPLICATE_METHOD_MATCH = YES;
				CODE_SIGN_IDENTITY = "iPhone Developer";
				COPY_PHASE_STRIP = NO;
				DEBUG_INFORMATION_FORMAT = dwarf;
				ENABLE_STRICT_OBJC_MSGSEND = YES;
				ENABLE_TESTABILITY = YES;
				GCC_C_LANGUAGE_STANDARD = gnu11;
				GCC_DYNAMIC_NO_PIC = NO;
				GCC_NO_COMMON_BLOCKS = YES;
				GCC_OPTIMIZATION_LEVEL = 0;
				GCC_PREPROCESSOR_DEFINITIONS = (
					"DEBUG=1",
					"$(inherited)",
				);
				GCC_WARN_64_TO_32_BIT_CONVERSION = YES;
				GCC_WARN_ABOUT_RETURN_TYPE = YES_ERROR;
				GCC_WARN_UNDECLARED_SELECTOR = YES;
				GCC_WARN_UNINITIALIZED_AUTOS = YES_AGGRESSIVE;
				GCC_WARN_UNUSED_FUNCTION = YES;
				GCC_WARN_UNUSED_VARIABLE = YES;
				IPHONEOS_DEPLOYMENT_TARGET = 11.3;
				MTL_ENABLE_DEBUG_INFO = YES;
				ONLY_ACTIVE_ARCH = YES;
				SDKROOT = iphoneos;
				SWIFT_ACTIVE_COMPILATION_CONDITIONS = DEBUG;
				SWIFT_OPTIMIZATION_LEVEL = "-Onone";
			};
			name = Debug;
		};
		C67B9BF620BCBD2900E7F0D0 /* Release */ = {
			isa = XCBuildConfiguration;
			buildSettings = {
				ALWAYS_SEARCH_USER_PATHS = NO;
				CLANG_ANALYZER_NONNULL = YES;
				CLANG_ANALYZER_NUMBER_OBJECT_CONVERSION = YES_AGGRESSIVE;
				CLANG_CXX_LANGUAGE_STANDARD = "gnu++14";
				CLANG_CXX_LIBRARY = "libc++";
				CLANG_ENABLE_MODULES = YES;
				CLANG_ENABLE_OBJC_ARC = YES;
				CLANG_ENABLE_OBJC_WEAK = YES;
				CLANG_WARN_BLOCK_CAPTURE_AUTORELEASING = YES;
				CLANG_WARN_BOOL_CONVERSION = YES;
				CLANG_WARN_COMMA = YES;
				CLANG_WARN_CONSTANT_CONVERSION = YES;
				CLANG_WARN_DEPRECATED_OBJC_IMPLEMENTATIONS = YES;
				CLANG_WARN_DIRECT_OBJC_ISA_USAGE = YES_ERROR;
				CLANG_WARN_DOCUMENTATION_COMMENTS = YES;
				CLANG_WARN_EMPTY_BODY = YES;
				CLANG_WARN_ENUM_CONVERSION = YES;
				CLANG_WARN_INFINITE_RECURSION = YES;
				CLANG_WARN_INT_CONVERSION = YES;
				CLANG_WARN_NON_LITERAL_NULL_CONVERSION = YES;
				CLANG_WARN_OBJC_IMPLICIT_RETAIN_SELF = YES;
				CLANG_WARN_OBJC_LITERAL_CONVERSION = YES;
				CLANG_WARN_OBJC_ROOT_CLASS = YES_ERROR;
				CLANG_WARN_RANGE_LOOP_ANALYSIS = YES;
				CLANG_WARN_STRICT_PROTOTYPES = YES;
				CLANG_WARN_SUSPICIOUS_MOVE = YES;
				CLANG_WARN_UNGUARDED_AVAILABILITY = YES_AGGRESSIVE;
				CLANG_WARN_UNREACHABLE_CODE = YES;
				CLANG_WARN__DUPLICATE_METHOD_MATCH = YES;
				CODE_SIGN_IDENTITY = "iPhone Developer";
				COPY_PHASE_STRIP = NO;
				DEBUG_INFORMATION_FORMAT = "dwarf-with-dsym";
				ENABLE_NS_ASSERTIONS = NO;
				ENABLE_STRICT_OBJC_MSGSEND = YES;
				GCC_C_LANGUAGE_STANDARD = gnu11;
				GCC_NO_COMMON_BLOCKS = YES;
				GCC_WARN_64_TO_32_BIT_CONVERSION = YES;
				GCC_WARN_ABOUT_RETURN_TYPE = YES_ERROR;
				GCC_WARN_UNDECLARED_SELECTOR = YES;
				GCC_WARN_UNINITIALIZED_AUTOS = YES_AGGRESSIVE;
				GCC_WARN_UNUSED_FUNCTION = YES;
				GCC_WARN_UNUSED_VARIABLE = YES;
				IPHONEOS_DEPLOYMENT_TARGET = 11.3;
				MTL_ENABLE_DEBUG_INFO = NO;
				SDKROOT = iphoneos;
				SWIFT_COMPILATION_MODE = wholemodule;
				SWIFT_OPTIMIZATION_LEVEL = "-O";
				VALIDATE_PRODUCT = YES;
			};
			name = Release;
		};
		C67B9BF820BCBD2900E7F0D0 /* Debug */ = {
			isa = XCBuildConfiguration;
			baseConfigurationReference = 1E2D3FBB7EF989AE3C794B52 /* Pods-A.M JumpStart.debug.xcconfig */;
			buildSettings = {
				ASSETCATALOG_COMPILER_APPICON_NAME = AppIcon;
				CODE_SIGN_STYLE = Automatic;
				DEVELOPMENT_TEAM = WJ89D3M2FZ;
				INFOPLIST_FILE = "$(SRCROOT)/A.M JumpStart/Supporting Files/Info.plist";
				LD_RUNPATH_SEARCH_PATHS = (
					"$(inherited)",
					"@executable_path/Frameworks",
				);
				PRODUCT_BUNDLE_IDENTIFIER = com.xyd93.AMJumpStart;
				PRODUCT_NAME = "$(TARGET_NAME)";
				SWIFT_VERSION = 4.0;
				TARGETED_DEVICE_FAMILY = "1,2";
			};
			name = Debug;
		};
		C67B9BF920BCBD2900E7F0D0 /* Release */ = {
			isa = XCBuildConfiguration;
			baseConfigurationReference = 5CC14772191D85B670519D89 /* Pods-A.M JumpStart.release.xcconfig */;
			buildSettings = {
				ASSETCATALOG_COMPILER_APPICON_NAME = AppIcon;
				CODE_SIGN_STYLE = Automatic;
				DEVELOPMENT_TEAM = WJ89D3M2FZ;
				INFOPLIST_FILE = "$(SRCROOT)/A.M JumpStart/Supporting Files/Info.plist";
				LD_RUNPATH_SEARCH_PATHS = (
					"$(inherited)",
					"@executable_path/Frameworks",
				);
				PRODUCT_BUNDLE_IDENTIFIER = com.xyd93.AMJumpStart;
				PRODUCT_NAME = "$(TARGET_NAME)";
				SWIFT_VERSION = 4.0;
				TARGETED_DEVICE_FAMILY = "1,2";
			};
			name = Release;
		};
/* End XCBuildConfiguration section */

/* Begin XCConfigurationList section */
		C67B9BE020BCBD2600E7F0D0 /* Build configuration list for PBXProject "A.M JumpStart" */ = {
			isa = XCConfigurationList;
			buildConfigurations = (
				C67B9BF520BCBD2900E7F0D0 /* Debug */,
				C67B9BF620BCBD2900E7F0D0 /* Release */,
			);
			defaultConfigurationIsVisible = 0;
			defaultConfigurationName = Release;
		};
		C67B9BF720BCBD2900E7F0D0 /* Build configuration list for PBXNativeTarget "A.M JumpStart" */ = {
			isa = XCConfigurationList;
			buildConfigurations = (
				C67B9BF820BCBD2900E7F0D0 /* Debug */,
				C67B9BF920BCBD2900E7F0D0 /* Release */,
			);
			defaultConfigurationIsVisible = 0;
			defaultConfigurationName = Release;
		};
/* End XCConfigurationList section */
	};
	rootObject = C67B9BDD20BCBD2600E7F0D0 /* Project object */;
}
